// !$*UTF8*$!
{
	archiveVersion = 1;
	classes = {
	};
	objectVersion = 56;
	objects = {

/* Begin PBXBuildFile section */
		CC7201AF2C172A8600F17916 /* AppDelegate.swift in Sources */ = {isa = PBXBuildFile; fileRef = CC7201AE2C172A8600F17916 /* AppDelegate.swift */; };
		CC7201B12C172A8600F17916 /* SceneDelegate.swift in Sources */ = {isa = PBXBuildFile; fileRef = CC7201B02C172A8600F17916 /* SceneDelegate.swift */; };
		CC7201B32C172A8600F17916 /* ViewController.swift in Sources */ = {isa = PBXBuildFile; fileRef = CC7201B22C172A8600F17916 /* ViewController.swift */; };
		CC7201B82C172A8700F17916 /* Assets.xcassets in Resources */ = {isa = PBXBuildFile; fileRef = CC7201B72C172A8700F17916 /* Assets.xcassets */; };
		CC7201BB2C172A8700F17916 /* Base in Resources */ = {isa = PBXBuildFile; fileRef = CC7201BA2C172A8700F17916 /* Base */; };
		CC7201C42C172B0E00F17916 /* Then in Frameworks */ = {isa = PBXBuildFile; productRef = CC7201C32C172B0E00F17916 /* Then */; };
		CC7201C72C172B1B00F17916 /* Alamofire in Frameworks */ = {isa = PBXBuildFile; productRef = CC7201C62C172B1B00F17916 /* Alamofire */; };
		CC7201CA2C172B2C00F17916 /* Kingfisher in Frameworks */ = {isa = PBXBuildFile; productRef = CC7201C92C172B2C00F17916 /* Kingfisher */; };
		CC7201CD2C172B3800F17916 /* SnapKit in Frameworks */ = {isa = PBXBuildFile; productRef = CC7201CC2C172B3800F17916 /* SnapKit */; };
/* End PBXBuildFile section */

/* Begin PBXFileReference section */
		CC7201AB2C172A8600F17916 /* MovieWiki.app */ = {isa = PBXFileReference; explicitFileType = wrapper.application; includeInIndex = 0; path = MovieWiki.app; sourceTree = BUILT_PRODUCTS_DIR; };
		CC7201AE2C172A8600F17916 /* AppDelegate.swift */ = {isa = PBXFileReference; lastKnownFileType = sourcecode.swift; path = AppDelegate.swift; sourceTree = "<group>"; };
		CC7201B02C172A8600F17916 /* SceneDelegate.swift */ = {isa = PBXFileReference; lastKnownFileType = sourcecode.swift; path = SceneDelegate.swift; sourceTree = "<group>"; };
		CC7201B22C172A8600F17916 /* ViewController.swift */ = {isa = PBXFileReference; lastKnownFileType = sourcecode.swift; path = ViewController.swift; sourceTree = "<group>"; };
		CC7201B72C172A8700F17916 /* Assets.xcassets */ = {isa = PBXFileReference; lastKnownFileType = folder.assetcatalog; path = Assets.xcassets; sourceTree = "<group>"; };
		CC7201BA2C172A8700F17916 /* Base */ = {isa = PBXFileReference; lastKnownFileType = file.storyboard; name = Base; path = Base.lproj/LaunchScreen.storyboard; sourceTree = "<group>"; };
		CC7201BC2C172A8700F17916 /* Info.plist */ = {isa = PBXFileReference; lastKnownFileType = text.plist.xml; path = Info.plist; sourceTree = "<group>"; };
/* End PBXFileReference section */

/* Begin PBXFrameworksBuildPhase section */
		CC7201A82C172A8600F17916 /* Frameworks */ = {
			isa = PBXFrameworksBuildPhase;
			buildActionMask = 2147483647;
			files = (
				CC7201CA2C172B2C00F17916 /* Kingfisher in Frameworks */,
				CC7201CD2C172B3800F17916 /* SnapKit in Frameworks */,
				CC7201C42C172B0E00F17916 /* Then in Frameworks */,
				CC7201C72C172B1B00F17916 /* Alamofire in Frameworks */,
			);
			runOnlyForDeploymentPostprocessing = 0;
		};
/* End PBXFrameworksBuildPhase section */

/* Begin PBXGroup section */
		CC7201A22C172A8600F17916 = {
			isa = PBXGroup;
			children = (
				CC7201AD2C172A8600F17916 /* MovieWiki */,
				CC7201AC2C172A8600F17916 /* Products */,
			);
			sourceTree = "<group>";
		};
		CC7201AC2C172A8600F17916 /* Products */ = {
			isa = PBXGroup;
			children = (
				CC7201AB2C172A8600F17916 /* MovieWiki.app */,
			);
			name = Products;
			sourceTree = "<group>";
		};
		CC7201AD2C172A8600F17916 /* MovieWiki */ = {
			isa = PBXGroup;
			children = (
				CC7201AE2C172A8600F17916 /* AppDelegate.swift */,
				CC7201B02C172A8600F17916 /* SceneDelegate.swift */,
				CC7201B22C172A8600F17916 /* ViewController.swift */,
				CC7201B72C172A8700F17916 /* Assets.xcassets */,
				CC7201B92C172A8700F17916 /* LaunchScreen.storyboard */,
				CC7201BC2C172A8700F17916 /* Info.plist */,
			);
			path = MovieWiki;
			sourceTree = "<group>";
		};
/* End PBXGroup section */

/* Begin PBXNativeTarget section */
		CC7201AA2C172A8600F17916 /* MovieWiki */ = {
			isa = PBXNativeTarget;
			buildConfigurationList = CC7201BF2C172A8700F17916 /* Build configuration list for PBXNativeTarget "MovieWiki" */;
			buildPhases = (
				CC7201A72C172A8600F17916 /* Sources */,
				CC7201A82C172A8600F17916 /* Frameworks */,
				CC7201A92C172A8600F17916 /* Resources */,
			);
			buildRules = (
			);
			dependencies = (
			);
			name = MovieWiki;
			packageProductDependencies = (
				CC7201C32C172B0E00F17916 /* Then */,
				CC7201C62C172B1B00F17916 /* Alamofire */,
				CC7201C92C172B2C00F17916 /* Kingfisher */,
				CC7201CC2C172B3800F17916 /* SnapKit */,
			);
			productName = MovieWiki;
			productReference = CC7201AB2C172A8600F17916 /* MovieWiki.app */;
			productType = "com.apple.product-type.application";
		};
/* End PBXNativeTarget section */

/* Begin PBXProject section */
		CC7201A32C172A8600F17916 /* Project object */ = {
			isa = PBXProject;
			attributes = {
				BuildIndependentTargetsInParallel = 1;
				LastSwiftUpdateCheck = 1540;
				LastUpgradeCheck = 1540;
				TargetAttributes = {
					CC7201AA2C172A8600F17916 = {
						CreatedOnToolsVersion = 15.4;
					};
				};
			};
			buildConfigurationList = CC7201A62C172A8600F17916 /* Build configuration list for PBXProject "MovieWiki" */;
			compatibilityVersion = "Xcode 14.0";
			developmentRegion = en;
			hasScannedForEncodings = 0;
			knownRegions = (
				en,
				Base,
			);
			mainGroup = CC7201A22C172A8600F17916;
			packageReferences = (
				CC7201C22C172B0E00F17916 /* XCRemoteSwiftPackageReference "Then" */,
				CC7201C52C172B1B00F17916 /* XCRemoteSwiftPackageReference "Alamofire" */,
				CC7201C82C172B2C00F17916 /* XCRemoteSwiftPackageReference "Kingfisher" */,
				CC7201CB2C172B3800F17916 /* XCRemoteSwiftPackageReference "SnapKit" */,
			);
			productRefGroup = CC7201AC2C172A8600F17916 /* Products */;
			projectDirPath = "";
			projectRoot = "";
			targets = (
				CC7201AA2C172A8600F17916 /* MovieWiki */,
			);
		};
/* End PBXProject section */

/* Begin PBXResourcesBuildPhase section */
		CC7201A92C172A8600F17916 /* Resources */ = {
			isa = PBXResourcesBuildPhase;
			buildActionMask = 2147483647;
			files = (
				CC7201B82C172A8700F17916 /* Assets.xcassets in Resources */,
				CC7201BB2C172A8700F17916 /* Base in Resources */,
			);
			runOnlyForDeploymentPostprocessing = 0;
		};
/* End PBXResourcesBuildPhase section */

/* Begin PBXSourcesBuildPhase section */
		CC7201A72C172A8600F17916 /* Sources */ = {
			isa = PBXSourcesBuildPhase;
			buildActionMask = 2147483647;
			files = (
				CC7201B32C172A8600F17916 /* ViewController.swift in Sources */,
				CC7201AF2C172A8600F17916 /* AppDelegate.swift in Sources */,
				CC7201B12C172A8600F17916 /* SceneDelegate.swift in Sources */,
			);
			runOnlyForDeploymentPostprocessing = 0;
		};
/* End PBXSourcesBuildPhase section */

/* Begin PBXVariantGroup section */
		CC7201B92C172A8700F17916 /* LaunchScreen.storyboard */ = {
			isa = PBXVariantGroup;
			children = (
				CC7201BA2C172A8700F17916 /* Base */,
			);
			name = LaunchScreen.storyboard;
			sourceTree = "<group>";
		};
/* End PBXVariantGroup section */

/* Begin XCBuildConfiguration section */
		CC7201BD2C172A8700F17916 /* Debug */ = {
			isa = XCBuildConfiguration;
			buildSettings = {
				ALWAYS_SEARCH_USER_PATHS = NO;
				ASSETCATALOG_COMPILER_GENERATE_SWIFT_ASSET_SYMBOL_EXTENSIONS = YES;
				CLANG_ANALYZER_NONNULL = YES;
				CLANG_ANALYZER_NUMBER_OBJECT_CONVERSION = YES_AGGRESSIVE;
				CLANG_CXX_LANGUAGE_STANDARD = "gnu++20";
				CLANG_ENABLE_MODULES = YES;
				CLANG_ENABLE_OBJC_ARC = YES;
				CLANG_ENABLE_OBJC_WEAK = YES;
				CLANG_WARN_BLOCK_CAPTURE_AUTORELEASING = YES;
				CLANG_WARN_BOOL_CONVERSION = YES;
				CLANG_WARN_COMMA = YES;
				CLANG_WARN_CONSTANT_CONVERSION = YES;
				CLANG_WARN_DEPRECATED_OBJC_IMPLEMENTATIONS = YES;
				CLANG_WARN_DIRECT_OBJC_ISA_USAGE = YES_ERROR;
				CLANG_WARN_DOCUMENTATION_COMMENTS = YES;
				CLANG_WARN_EMPTY_BODY = YES;
				CLANG_WARN_ENUM_CONVERSION = YES;
				CLANG_WARN_INFINITE_RECURSION = YES;
				CLANG_WARN_INT_CONVERSION = YES;
				CLANG_WARN_NON_LITERAL_NULL_CONVERSION = YES;
				CLANG_WARN_OBJC_IMPLICIT_RETAIN_SELF = YES;
				CLANG_WARN_OBJC_LITERAL_CONVERSION = YES;
				CLANG_WARN_OBJC_ROOT_CLASS = YES_ERROR;
				CLANG_WARN_QUOTED_INCLUDE_IN_FRAMEWORK_HEADER = YES;
				CLANG_WARN_RANGE_LOOP_ANALYSIS = YES;
				CLANG_WARN_STRICT_PROTOTYPES = YES;
				CLANG_WARN_SUSPICIOUS_MOVE = YES;
				CLANG_WARN_UNGUARDED_AVAILABILITY = YES_AGGRESSIVE;
				CLANG_WARN_UNREACHABLE_CODE = YES;
				CLANG_WARN__DUPLICATE_METHOD_MATCH = YES;
				COPY_PHASE_STRIP = NO;
				DEBUG_INFORMATION_FORMAT = dwarf;
				ENABLE_STRICT_OBJC_MSGSEND = YES;
				ENABLE_TESTABILITY = YES;
				ENABLE_USER_SCRIPT_SANDBOXING = YES;
				GCC_C_LANGUAGE_STANDARD = gnu17;
				GCC_DYNAMIC_NO_PIC = NO;
				GCC_NO_COMMON_BLOCKS = YES;
				GCC_OPTIMIZATION_LEVEL = 0;
				GCC_PREPROCESSOR_DEFINITIONS = (
					"DEBUG=1",
					"$(inherited)",
				);
				GCC_WARN_64_TO_32_BIT_CONVERSION = YES;
				GCC_WARN_ABOUT_RETURN_TYPE = YES_ERROR;
				GCC_WARN_UNDECLARED_SELECTOR = YES;
				GCC_WARN_UNINITIALIZED_AUTOS = YES_AGGRESSIVE;
				GCC_WARN_UNUSED_FUNCTION = YES;
				GCC_WARN_UNUSED_VARIABLE = YES;
				IPHONEOS_DEPLOYMENT_TARGET = 15.0;
				LOCALIZATION_PREFERS_STRING_CATALOGS = YES;
				MTL_ENABLE_DEBUG_INFO = INCLUDE_SOURCE;
				MTL_FAST_MATH = YES;
				ONLY_ACTIVE_ARCH = YES;
				SDKROOT = iphoneos;
				SWIFT_ACTIVE_COMPILATION_CONDITIONS = "DEBUG $(inherited)";
				SWIFT_OPTIMIZATION_LEVEL = "-Onone";
			};
			name = Debug;
		};
		CC7201BE2C172A8700F17916 /* Release */ = {
			isa = XCBuildConfiguration;
			buildSettings = {
				ALWAYS_SEARCH_USER_PATHS = NO;
				ASSETCATALOG_COMPILER_GENERATE_SWIFT_ASSET_SYMBOL_EXTENSIONS = YES;
				CLANG_ANALYZER_NONNULL = YES;
				CLANG_ANALYZER_NUMBER_OBJECT_CONVERSION = YES_AGGRESSIVE;
				CLANG_CXX_LANGUAGE_STANDARD = "gnu++20";
				CLANG_ENABLE_MODULES = YES;
				CLANG_ENABLE_OBJC_ARC = YES;
				CLANG_ENABLE_OBJC_WEAK = YES;
				CLANG_WARN_BLOCK_CAPTURE_AUTORELEASING = YES;
				CLANG_WARN_BOOL_CONVERSION = YES;
				CLANG_WARN_COMMA = YES;
				CLANG_WARN_CONSTANT_CONVERSION = YES;
				CLANG_WARN_DEPRECATED_OBJC_IMPLEMENTATIONS = YES;
				CLANG_WARN_DIRECT_OBJC_ISA_USAGE = YES_ERROR;
				CLANG_WARN_DOCUMENTATION_COMMENTS = YES;
				CLANG_WARN_EMPTY_BODY = YES;
				CLANG_WARN_ENUM_CONVERSION = YES;
				CLANG_WARN_INFINITE_RECURSION = YES;
				CLANG_WARN_INT_CONVERSION = YES;
				CLANG_WARN_NON_LITERAL_NULL_CONVERSION = YES;
				CLANG_WARN_OBJC_IMPLICIT_RETAIN_SELF = YES;
				CLANG_WARN_OBJC_LITERAL_CONVERSION = YES;
				CLANG_WARN_OBJC_ROOT_CLASS = YES_ERROR;
				CLANG_WARN_QUOTED_INCLUDE_IN_FRAMEWORK_HEADER = YES;
				CLANG_WARN_RANGE_LOOP_ANALYSIS = YES;
				CLANG_WARN_STRICT_PROTOTYPES = YES;
				CLANG_WARN_SUSPICIOUS_MOVE = YES;
				CLANG_WARN_UNGUARDED_AVAILABILITY = YES_AGGRESSIVE;
				CLANG_WARN_UNREACHABLE_CODE = YES;
				CLANG_WARN__DUPLICATE_METHOD_MATCH = YES;
				COPY_PHASE_STRIP = NO;
				DEBUG_INFORMATION_FORMAT = "dwarf-with-dsym";
				ENABLE_NS_ASSERTIONS = NO;
				ENABLE_STRICT_OBJC_MSGSEND = YES;
				ENABLE_USER_SCRIPT_SANDBOXING = YES;
				GCC_C_LANGUAGE_STANDARD = gnu17;
				GCC_NO_COMMON_BLOCKS = YES;
				GCC_WARN_64_TO_32_BIT_CONVERSION = YES;
				GCC_WARN_ABOUT_RETURN_TYPE = YES_ERROR;
				GCC_WARN_UNDECLARED_SELECTOR = YES;
				GCC_WARN_UNINITIALIZED_AUTOS = YES_AGGRESSIVE;
				GCC_WARN_UNUSED_FUNCTION = YES;
				GCC_WARN_UNUSED_VARIABLE = YES;
				IPHONEOS_DEPLOYMENT_TARGET = 15.0;
				LOCALIZATION_PREFERS_STRING_CATALOGS = YES;
				MTL_ENABLE_DEBUG_INFO = NO;
				MTL_FAST_MATH = YES;
				SDKROOT = iphoneos;
				SWIFT_COMPILATION_MODE = wholemodule;
				VALIDATE_PRODUCT = YES;
			};
			name = Release;
		};
		CC7201C02C172A8700F17916 /* Debug */ = {
			isa = XCBuildConfiguration;
			buildSettings = {
				ASSETCATALOG_COMPILER_APPICON_NAME = AppIcon;
				ASSETCATALOG_COMPILER_GLOBAL_ACCENT_COLOR_NAME = AccentColor;
				CODE_SIGN_STYLE = Automatic;
				CURRENT_PROJECT_VERSION = 1;
				DEVELOPMENT_TEAM = YWNQ4RZBTS;
				GENERATE_INFOPLIST_FILE = YES;
				INFOPLIST_FILE = MovieWiki/Info.plist;
				INFOPLIST_KEY_UIApplicationSupportsIndirectInputEvents = YES;
				INFOPLIST_KEY_UILaunchStoryboardName = LaunchScreen;
				INFOPLIST_KEY_UISupportedInterfaceOrientations = UIInterfaceOrientationPortrait;
				INFOPLIST_KEY_UISupportedInterfaceOrientations_iPad = "UIInterfaceOrientationLandscapeLeft UIInterfaceOrientationLandscapeRight UIInterfaceOrientationPortrait UIInterfaceOrientationPortraitUpsideDown";
				IPHONEOS_DEPLOYMENT_TARGET = 15.0;
				LD_RUNPATH_SEARCH_PATHS = (
					"$(inherited)",
					"@executable_path/Frameworks",
				);
				MARKETING_VERSION = 1.0;
				PRODUCT_BUNDLE_IDENTIFIER = com.jinyoo.sesac.MovieWiki;
				PRODUCT_NAME = "$(TARGET_NAME)";
				SUPPORTED_PLATFORMS = "iphoneos iphonesimulator";
				SUPPORTS_MACCATALYST = NO;
				SUPPORTS_MAC_DESIGNED_FOR_IPHONE_IPAD = NO;
				SUPPORTS_XR_DESIGNED_FOR_IPHONE_IPAD = NO;
				SWIFT_EMIT_LOC_STRINGS = YES;
				SWIFT_VERSION = 5.0;
				TARGETED_DEVICE_FAMILY = 1;
			};
			name = Debug;
		};
		CC7201C12C172A8700F17916 /* Release */ = {
			isa = XCBuildConfiguration;
			buildSettings = {
				ASSETCATALOG_COMPILER_APPICON_NAME = AppIcon;
				ASSETCATALOG_COMPILER_GLOBAL_ACCENT_COLOR_NAME = AccentColor;
				CODE_SIGN_STYLE = Automatic;
				CURRENT_PROJECT_VERSION = 1;
				DEVELOPMENT_TEAM = YWNQ4RZBTS;
				GENERATE_INFOPLIST_FILE = YES;
				INFOPLIST_FILE = MovieWiki/Info.plist;
				INFOPLIST_KEY_UIApplicationSupportsIndirectInputEvents = YES;
				INFOPLIST_KEY_UILaunchStoryboardName = LaunchScreen;
				INFOPLIST_KEY_UISupportedInterfaceOrientations = UIInterfaceOrientationPortrait;
				INFOPLIST_KEY_UISupportedInterfaceOrientations_iPad = "UIInterfaceOrientationLandscapeLeft UIInterfaceOrientationLandscapeRight UIInterfaceOrientationPortrait UIInterfaceOrientationPortraitUpsideDown";
				IPHONEOS_DEPLOYMENT_TARGET = 15.0;
				LD_RUNPATH_SEARCH_PATHS = (
					"$(inherited)",
					"@executable_path/Frameworks",
				);
				MARKETING_VERSION = 1.0;
				PRODUCT_BUNDLE_IDENTIFIER = com.jinyoo.sesac.MovieWiki;
				PRODUCT_NAME = "$(TARGET_NAME)";
				SUPPORTED_PLATFORMS = "iphoneos iphonesimulator";
				SUPPORTS_MACCATALYST = NO;
				SUPPORTS_MAC_DESIGNED_FOR_IPHONE_IPAD = NO;
				SUPPORTS_XR_DESIGNED_FOR_IPHONE_IPAD = NO;
				SWIFT_EMIT_LOC_STRINGS = YES;
				SWIFT_VERSION = 5.0;
				TARGETED_DEVICE_FAMILY = 1;
			};
			name = Release;
		};
/* End XCBuildConfiguration section */

/* Begin XCConfigurationList section */
		CC7201A62C172A8600F17916 /* Build configuration list for PBXProject "MovieWiki" */ = {
			isa = XCConfigurationList;
			buildConfigurations = (
				CC7201BD2C172A8700F17916 /* Debug */,
				CC7201BE2C172A8700F17916 /* Release */,
			);
			defaultConfigurationIsVisible = 0;
			defaultConfigurationName = Release;
		};
		CC7201BF2C172A8700F17916 /* Build configuration list for PBXNativeTarget "MovieWiki" */ = {
			isa = XCConfigurationList;
			buildConfigurations = (
				CC7201C02C172A8700F17916 /* Debug */,
				CC7201C12C172A8700F17916 /* Release */,
			);
			defaultConfigurationIsVisible = 0;
			defaultConfigurationName = Release;
		};
/* End XCConfigurationList section */

/* Begin XCRemoteSwiftPackageReference section */
		CC7201C22C172B0E00F17916 /* XCRemoteSwiftPackageReference "Then" */ = {
			isa = XCRemoteSwiftPackageReference;
			repositoryURL = "https://github.com/devxoul/Then.git";
			requirement = {
				kind = upToNextMajorVersion;
				minimumVersion = 3.0.0;
			};
		};
		CC7201C52C172B1B00F17916 /* XCRemoteSwiftPackageReference "Alamofire" */ = {
			isa = XCRemoteSwiftPackageReference;
			repositoryURL = "https://github.com/Alamofire/Alamofire.git";
			requirement = {
				kind = upToNextMajorVersion;
				minimumVersion = 5.9.1;
			};
		};
		CC7201C82C172B2C00F17916 /* XCRemoteSwiftPackageReference "Kingfisher" */ = {
			isa = XCRemoteSwiftPackageReference;
			repositoryURL = "https://github.com/onevcat/Kingfisher";
			requirement = {
				kind = upToNextMajorVersion;
				minimumVersion = 7.11.0;
			};
		};
		CC7201CB2C172B3800F17916 /* XCRemoteSwiftPackageReference "SnapKit" */ = {
			isa = XCRemoteSwiftPackageReference;
			repositoryURL = "https://github.com/SnapKit/SnapKit.git";
			requirement = {
				kind = upToNextMajorVersion;
				minimumVersion = 5.7.1;
			};
		};
/* End XCRemoteSwiftPackageReference section */

/* Begin XCSwiftPackageProductDependency section */
		CC7201C32C172B0E00F17916 /* Then */ = {
			isa = XCSwiftPackageProductDependency;
			package = CC7201C22C172B0E00F17916 /* XCRemoteSwiftPackageReference "Then" */;
			productName = Then;
		};
		CC7201C62C172B1B00F17916 /* Alamofire */ = {
			isa = XCSwiftPackageProductDependency;
			package = CC7201C52C172B1B00F17916 /* XCRemoteSwiftPackageReference "Alamofire" */;
			productName = Alamofire;
		};
		CC7201C92C172B2C00F17916 /* Kingfisher */ = {
			isa = XCSwiftPackageProductDependency;
			package = CC7201C82C172B2C00F17916 /* XCRemoteSwiftPackageReference "Kingfisher" */;
			productName = Kingfisher;
		};
		CC7201CC2C172B3800F17916 /* SnapKit */ = {
			isa = XCSwiftPackageProductDependency;
			package = CC7201CB2C172B3800F17916 /* XCRemoteSwiftPackageReference "SnapKit" */;
			productName = SnapKit;
		};
/* End XCSwiftPackageProductDependency section */
	};
	rootObject = CC7201A32C172A8600F17916 /* Project object */;
}
